PODS:
  - Alamofire (4.5.1)
  - FullFeedback (0.1.6):
    - Alamofire (~> 4.5)
    - MBProgressHUD (= 1.0.0)
  - MBProgressHUD (1.0.0)

DEPENDENCIES:
  - FullFeedback (from `../`)

EXTERNAL SOURCES:
  FullFeedback:
    :path: ../

SPEC CHECKSUMS:
  Alamofire: 2d95912bf4c34f164fdfc335872e8c312acaea4a
  FullFeedback: 6255d4dc3bbee7dd3624fc6d2ef74d379def082f
  MBProgressHUD: 4890f671c94e8a0f3cf959aa731e9de2f036d71a

PODFILE CHECKSUM: f4c3c4480c35c7d7401342e46b5a99e071fcd68f

COCOAPODS: 1.4.0
