PODS:
  - Alamofire (5.2.2)
  - FullFeedback (0.2.1):
    - Alamofire (= 5.2.2)
    - MBProgressHUD (= 1.0.0)
    - SwiftyJSON
  - MBProgressHUD (1.0.0)
  - SwiftyJSON (5.0.0)

DEPENDENCIES:
  - FullFeedback (from `../`)

SPEC REPOS:
  https://github.com/CocoaPods/Specs.git:
    - Alamofire
    - MBProgressHUD
    - SwiftyJSON

EXTERNAL SOURCES:
  FullFeedback:
    :path: "../"

SPEC CHECKSUMS:
  Alamofire: 814429acc853c6c54ff123fc3d2ef66803823ce0
  FullFeedback: c05cc12703d9a00e5506435c2e062c21f48a45b8
  MBProgressHUD: 4890f671c94e8a0f3cf959aa731e9de2f036d71a
  SwiftyJSON: 36413e04c44ee145039d332b4f4e2d3e8d6c4db7

PODFILE CHECKSUM: f4c3c4480c35c7d7401342e46b5a99e071fcd68f

COCOAPODS: 1.9.1
